
Microsoft Visual Studio Solution File, Format Version 12.00
# Visual Studio Version 16
VisualStudioVersion = 16.0.34031.81
MinimumVisualStudioVersion = 10.0.40219.1
Project("{FAE04EC0-301F-11D3-BF4B-00C04F79EFBC}") = "WindowsFormsApp1", "WindowsFormsApp1\WindowsFormsApp1.csproj", "{43DD7C22-9C27-4A58-9221-0270FF8415C0}"
EndProject
Project("{FAE04EC0-301F-11D3-BF4B-00C04F79EFBC}") = "ConsoleApp1", "ConsoleApp1\ConsoleApp1.csproj", "{1F91194D-83E5-42D9-90EC-105C534153DF}"
EndProject
Project("{FAE04EC0-301F-11D3-BF4B-00C04F79EFBC}") = "ConsoleApp2", "ConsoleApp2\ConsoleApp2.csproj", "{A0EC71E6-BF20-4E6C-8B34-715EDF78AA43}"
EndProject
Global
	GlobalSection(SolutionConfigurationPlatforms) = preSolution
		Debug|Any CPU = Debug|Any CPU
		Release|Any CPU = Release|Any CPU
	EndGlobalSection
	GlobalSection(ProjectConfigurationPlatforms) = postSolution
		{43DD7C22-9C27-4A58-9221-0270FF8415C0}.Debug|Any CPU.ActiveCfg = Debug|Any CPU
		{43DD7C22-9C27-4A58-9221-0270FF8415C0}.Debug|Any CPU.Build.0 = Debug|Any CPU
		{43DD7C22-9C27-4A58-9221-0270FF8415C0}.Release|Any CPU.ActiveCfg = Release|Any CPU
		{43DD7C22-9C27-4A58-9221-0270FF8415C0}.Release|Any CPU.Build.0 = Release|Any CPU
		{1F91194D-83E5-42D9-90EC-105C534153DF}.Debug|Any CPU.ActiveCfg = Debug|Any CPU
		{1F91194D-83E5-42D9-90EC-105C534153DF}.Debug|Any CPU.Build.0 = Debug|Any CPU
		{1F91194D-83E5-42D9-90EC-105C534153DF}.Release|Any CPU.ActiveCfg = Release|Any CPU
		{1F91194D-83E5-42D9-90EC-105C534153DF}.Release|Any CPU.Build.0 = Release|Any CPU
		{A0EC71E6-BF20-4E6C-8B34-715EDF78AA43}.Debug|Any CPU.ActiveCfg = Debug|Any CPU
		{A0EC71E6-BF20-4E6C-8B34-715EDF78AA43}.Debug|Any CPU.Build.0 = Debug|Any CPU
		{A0EC71E6-BF20-4E6C-8B34-715EDF78AA43}.Release|Any CPU.ActiveCfg = Release|Any CPU
		{A0EC71E6-BF20-4E6C-8B34-715EDF78AA43}.Release|Any CPU.Build.0 = Release|Any CPU
	EndGlobalSection
	GlobalSection(SolutionProperties) = preSolution
		HideSolutionNode = FALSE
	EndGlobalSection
	GlobalSection(ExtensibilityGlobals) = postSolution
		SolutionGuid = {C5E967D9-73D5-4771-9CFA-18CE003ADBB2}
	EndGlobalSection
EndGlobal
